
Microsoft Visual Studio Solution File, Format Version 12.00
# Visual Studio Version 16
VisualStudioVersion = 16.0.31515.178
MinimumVisualStudioVersion = 10.0.40219.1
Project("{FAE04EC0-301F-11D3-BF4B-00C04F79EFBC}") = "DemoShop", "DemoShop\DemoShop.csproj", "{9E9FCA59-1C8E-4669-8601-862F936D64D9}"
EndProject
Global
	GlobalSection(SolutionConfigurationPlatforms) = preSolution
		Debug|Any CPU = Debug|Any CPU
		Release|Any CPU = Release|Any CPU
	EndGlobalSection
	GlobalSection(ProjectConfigurationPlatforms) = postSolution
		{9E9FCA59-1C8E-4669-8601-862F936D64D9}.Debug|Any CPU.ActiveCfg = Debug|Any CPU
		{9E9FCA59-1C8E-4669-8601-862F936D64D9}.Debug|Any CPU.Build.0 = Debug|Any CPU
		{9E9FCA59-1C8E-4669-8601-862F936D64D9}.Release|Any CPU.ActiveCfg = Release|Any CPU
		{9E9FCA59-1C8E-4669-8601-862F936D64D9}.Release|Any CPU.Build.0 = Release|Any CPU
	EndGlobalSection
	GlobalSection(SolutionProperties) = preSolution
		HideSolutionNode = FALSE
	EndGlobalSection
	GlobalSection(ExtensibilityGlobals) = postSolution
		SolutionGuid = {86D4CFB9-9037-4825-AE08-69E6A366576E}
	EndGlobalSection
EndGlobal
